
Microsoft Visual Studio Solution File, Format Version 12.00
# Visual Studio Version 17
VisualStudioVersion = 17.8.34511.84
MinimumVisualStudioVersion = 10.0.40219.1
Project("{FAE04EC0-301F-11D3-BF4B-00C04F79EFBC}") = "Server", "Server\Server.csproj", "{965D0EF4-ADEF-4500-A837-9B7D8A5D4EF7}"
EndProject
Project("{FAE04EC0-301F-11D3-BF4B-00C04F79EFBC}") = "Client", "Client\Client.csproj", "{AC6AFC60-3D40-4342-A82D-56CD8D3510C7}"
EndProject
Project("{FAE04EC0-301F-11D3-BF4B-00C04F79EFBC}") = "BaseLibrary", "BaseLibrary\BaseLibrary.csproj", "{804BA4FB-BE58-49F6-8A88-2D4FB8AD799A}"
EndProject
Project("{FAE04EC0-301F-11D3-BF4B-00C04F79EFBC}") = "ClientLibrary", "ClientLibrary\ClientLibrary.csproj", "{1636791E-A302-4846-9E3B-687A1DB72A1F}"
EndProject
Project("{FAE04EC0-301F-11D3-BF4B-00C04F79EFBC}") = "ServerLibrary", "ServerLibrary\ServerLibrary.csproj", "{1C37A7F6-C070-42F0-BAFD-E8274D6DA426}"
EndProject
Global
	GlobalSection(SolutionConfigurationPlatforms) = preSolution
		Debug|Any CPU = Debug|Any CPU
		Release|Any CPU = Release|Any CPU
	EndGlobalSection
	GlobalSection(ProjectConfigurationPlatforms) = postSolution
		{965D0EF4-ADEF-4500-A837-9B7D8A5D4EF7}.Debug|Any CPU.ActiveCfg = Debug|Any CPU
		{965D0EF4-ADEF-4500-A837-9B7D8A5D4EF7}.Debug|Any CPU.Build.0 = Debug|Any CPU
		{965D0EF4-ADEF-4500-A837-9B7D8A5D4EF7}.Release|Any CPU.ActiveCfg = Release|Any CPU
		{965D0EF4-ADEF-4500-A837-9B7D8A5D4EF7}.Release|Any CPU.Build.0 = Release|Any CPU
		{AC6AFC60-3D40-4342-A82D-56CD8D3510C7}.Debug|Any CPU.ActiveCfg = Debug|Any CPU
		{AC6AFC60-3D40-4342-A82D-56CD8D3510C7}.Debug|Any CPU.Build.0 = Debug|Any CPU
		{AC6AFC60-3D40-4342-A82D-56CD8D3510C7}.Release|Any CPU.ActiveCfg = Release|Any CPU
		{AC6AFC60-3D40-4342-A82D-56CD8D3510C7}.Release|Any CPU.Build.0 = Release|Any CPU
		{804BA4FB-BE58-49F6-8A88-2D4FB8AD799A}.Debug|Any CPU.ActiveCfg = Debug|Any CPU
		{804BA4FB-BE58-49F6-8A88-2D4FB8AD799A}.Debug|Any CPU.Build.0 = Debug|Any CPU
		{804BA4FB-BE58-49F6-8A88-2D4FB8AD799A}.Release|Any CPU.ActiveCfg = Release|Any CPU
		{804BA4FB-BE58-49F6-8A88-2D4FB8AD799A}.Release|Any CPU.Build.0 = Release|Any CPU
		{1636791E-A302-4846-9E3B-687A1DB72A1F}.Debug|Any CPU.ActiveCfg = Debug|Any CPU
		{1636791E-A302-4846-9E3B-687A1DB72A1F}.Debug|Any CPU.Build.0 = Debug|Any CPU
		{1636791E-A302-4846-9E3B-687A1DB72A1F}.Release|Any CPU.ActiveCfg = Release|Any CPU
		{1636791E-A302-4846-9E3B-687A1DB72A1F}.Release|Any CPU.Build.0 = Release|Any CPU
		{1C37A7F6-C070-42F0-BAFD-E8274D6DA426}.Debug|Any CPU.ActiveCfg = Debug|Any CPU
		{1C37A7F6-C070-42F0-BAFD-E8274D6DA426}.Debug|Any CPU.Build.0 = Debug|Any CPU
		{1C37A7F6-C070-42F0-BAFD-E8274D6DA426}.Release|Any CPU.ActiveCfg = Release|Any CPU
		{1C37A7F6-C070-42F0-BAFD-E8274D6DA426}.Release|Any CPU.Build.0 = Release|Any CPU
	EndGlobalSection
	GlobalSection(SolutionProperties) = preSolution
		HideSolutionNode = FALSE
	EndGlobalSection
	GlobalSection(ExtensibilityGlobals) = postSolution
		SolutionGuid = {E56F4E4A-9F77-4700-AC05-B65B0DE2F588}
	EndGlobalSection
EndGlobal
